// !$*UTF8*$!
{
	archiveVersion = 1;
	classes = {
	};
	objectVersion = 56;
	objects = {

/* Begin PBXBuildFile section */
		C1FFC839291F72CF0002B497 /* AppDelegate.swift in Sources */ = {isa = PBXBuildFile; fileRef = C1FFC838291F72CF0002B497 /* AppDelegate.swift */; };
		C1FFC842291F72D00002B497 /* Assets.xcassets in Resources */ = {isa = PBXBuildFile; fileRef = C1FFC841291F72D00002B497 /* Assets.xcassets */; };
		C1FFC845291F72D00002B497 /* LaunchScreen.storyboard in Resources */ = {isa = PBXBuildFile; fileRef = C1FFC843291F72D00002B497 /* LaunchScreen.storyboard */; };
		C1FFC84E291F743B0002B497 /* View.swift in Sources */ = {isa = PBXBuildFile; fileRef = C1FFC84D291F743B0002B497 /* View.swift */; };
		C1FFC850291F745E0002B497 /* Interactor.swift in Sources */ = {isa = PBXBuildFile; fileRef = C1FFC84F291F745E0002B497 /* Interactor.swift */; };
		C1FFC852291F746F0002B497 /* Presenter.swift in Sources */ = {isa = PBXBuildFile; fileRef = C1FFC851291F746F0002B497 /* Presenter.swift */; };
		C1FFC854291F74800002B497 /* Entity.swift in Sources */ = {isa = PBXBuildFile; fileRef = C1FFC853291F74800002B497 /* Entity.swift */; };
		C1FFC856291F74890002B497 /* Router.swift in Sources */ = {isa = PBXBuildFile; fileRef = C1FFC855291F74890002B497 /* Router.swift */; };
		C1FFC85C291F8FB70002B497 /* DetailViewController.swift in Sources */ = {isa = PBXBuildFile; fileRef = C1FFC85B291F8FB70002B497 /* DetailViewController.swift */; };
		C1FFC85E291F925F0002B497 /* DetailInteractor.swift in Sources */ = {isa = PBXBuildFile; fileRef = C1FFC85D291F925F0002B497 /* DetailInteractor.swift */; };
		C1FFC860291F92700002B497 /* DetailPresenter.swift in Sources */ = {isa = PBXBuildFile; fileRef = C1FFC85F291F92700002B497 /* DetailPresenter.swift */; };
		C1FFC862291F928B0002B497 /* DetailEntity.swift in Sources */ = {isa = PBXBuildFile; fileRef = C1FFC861291F928B0002B497 /* DetailEntity.swift */; };
		C1FFC864291F92A10002B497 /* DetailRouter.swift in Sources */ = {isa = PBXBuildFile; fileRef = C1FFC863291F92A10002B497 /* DetailRouter.swift */; };
/* End PBXBuildFile section */

/* Begin PBXFileReference section */
		C1FFC835291F72CF0002B497 /* CryptoViper.app */ = {isa = PBXFileReference; explicitFileType = wrapper.application; includeInIndex = 0; path = CryptoViper.app; sourceTree = BUILT_PRODUCTS_DIR; };
		C1FFC838291F72CF0002B497 /* AppDelegate.swift */ = {isa = PBXFileReference; lastKnownFileType = sourcecode.swift; path = AppDelegate.swift; sourceTree = "<group>"; };
		C1FFC841291F72D00002B497 /* Assets.xcassets */ = {isa = PBXFileReference; lastKnownFileType = folder.assetcatalog; path = Assets.xcassets; sourceTree = "<group>"; };
		C1FFC844291F72D00002B497 /* Base */ = {isa = PBXFileReference; lastKnownFileType = file.storyboard; name = Base; path = Base.lproj/LaunchScreen.storyboard; sourceTree = "<group>"; };
		C1FFC846291F72D00002B497 /* Info.plist */ = {isa = PBXFileReference; lastKnownFileType = text.plist.xml; path = Info.plist; sourceTree = "<group>"; };
		C1FFC84D291F743B0002B497 /* View.swift */ = {isa = PBXFileReference; lastKnownFileType = sourcecode.swift; path = View.swift; sourceTree = "<group>"; };
		C1FFC84F291F745E0002B497 /* Interactor.swift */ = {isa = PBXFileReference; lastKnownFileType = sourcecode.swift; path = Interactor.swift; sourceTree = "<group>"; };
		C1FFC851291F746F0002B497 /* Presenter.swift */ = {isa = PBXFileReference; lastKnownFileType = sourcecode.swift; path = Presenter.swift; sourceTree = "<group>"; };
		C1FFC853291F74800002B497 /* Entity.swift */ = {isa = PBXFileReference; lastKnownFileType = sourcecode.swift; path = Entity.swift; sourceTree = "<group>"; };
		C1FFC855291F74890002B497 /* Router.swift */ = {isa = PBXFileReference; lastKnownFileType = sourcecode.swift; path = Router.swift; sourceTree = "<group>"; };
		C1FFC85B291F8FB70002B497 /* DetailViewController.swift */ = {isa = PBXFileReference; lastKnownFileType = sourcecode.swift; path = DetailViewController.swift; sourceTree = "<group>"; };
		C1FFC85D291F925F0002B497 /* DetailInteractor.swift */ = {isa = PBXFileReference; lastKnownFileType = sourcecode.swift; path = DetailInteractor.swift; sourceTree = "<group>"; };
		C1FFC85F291F92700002B497 /* DetailPresenter.swift */ = {isa = PBXFileReference; lastKnownFileType = sourcecode.swift; path = DetailPresenter.swift; sourceTree = "<group>"; };
		C1FFC861291F928B0002B497 /* DetailEntity.swift */ = {isa = PBXFileReference; lastKnownFileType = sourcecode.swift; path = DetailEntity.swift; sourceTree = "<group>"; };
		C1FFC863291F92A10002B497 /* DetailRouter.swift */ = {isa = PBXFileReference; lastKnownFileType = sourcecode.swift; path = DetailRouter.swift; sourceTree = "<group>"; };
/* End PBXFileReference section */

/* Begin PBXFrameworksBuildPhase section */
		C1FFC832291F72CF0002B497 /* Frameworks */ = {
			isa = PBXFrameworksBuildPhase;
			buildActionMask = 2147483647;
			files = (
			);
			runOnlyForDeploymentPostprocessing = 0;
		};
/* End PBXFrameworksBuildPhase section */

/* Begin PBXGroup section */
		C1FFC82C291F72CF0002B497 = {
			isa = PBXGroup;
			children = (
				C1FFC837291F72CF0002B497 /* CryptoViper */,
				C1FFC836291F72CF0002B497 /* Products */,
			);
			sourceTree = "<group>";
		};
		C1FFC836291F72CF0002B497 /* Products */ = {
			isa = PBXGroup;
			children = (
				C1FFC835291F72CF0002B497 /* CryptoViper.app */,
			);
			name = Products;
			sourceTree = "<group>";
		};
		C1FFC837291F72CF0002B497 /* CryptoViper */ = {
			isa = PBXGroup;
			children = (
				C1FFC84C291F73250002B497 /* File */,
				C1FFC838291F72CF0002B497 /* AppDelegate.swift */,
				C1FFC859291F8F680002B497 /* PriceList */,
				C1FFC85A291F8F830002B497 /* Detail */,
			);
			path = CryptoViper;
			sourceTree = "<group>";
		};
		C1FFC84C291F73250002B497 /* File */ = {
			isa = PBXGroup;
			children = (
				C1FFC841291F72D00002B497 /* Assets.xcassets */,
				C1FFC843291F72D00002B497 /* LaunchScreen.storyboard */,
				C1FFC846291F72D00002B497 /* Info.plist */,
			);
			name = File;
			sourceTree = "<group>";
		};
		C1FFC859291F8F680002B497 /* PriceList */ = {
			isa = PBXGroup;
			children = (
				C1FFC84D291F743B0002B497 /* View.swift */,
				C1FFC84F291F745E0002B497 /* Interactor.swift */,
				C1FFC851291F746F0002B497 /* Presenter.swift */,
				C1FFC853291F74800002B497 /* Entity.swift */,
				C1FFC855291F74890002B497 /* Router.swift */,
			);
			path = PriceList;
			sourceTree = "<group>";
		};
		C1FFC85A291F8F830002B497 /* Detail */ = {
			isa = PBXGroup;
			children = (
				C1FFC85B291F8FB70002B497 /* DetailViewController.swift */,
				C1FFC85D291F925F0002B497 /* DetailInteractor.swift */,
				C1FFC85F291F92700002B497 /* DetailPresenter.swift */,
				C1FFC861291F928B0002B497 /* DetailEntity.swift */,
				C1FFC863291F92A10002B497 /* DetailRouter.swift */,
			);
			path = Detail;
			sourceTree = "<group>";
		};
/* End PBXGroup section */

/* Begin PBXNativeTarget section */
		C1FFC834291F72CF0002B497 /* CryptoViper */ = {
			isa = PBXNativeTarget;
			buildConfigurationList = C1FFC849291F72D00002B497 /* Build configuration list for PBXNativeTarget "CryptoViper" */;
			buildPhases = (
				C1FFC831291F72CF0002B497 /* Sources */,
				C1FFC832291F72CF0002B497 /* Frameworks */,
				C1FFC833291F72CF0002B497 /* Resources */,
			);
			buildRules = (
			);
			dependencies = (
			);
			name = CryptoViper;
			productName = CryptoViper;
			productReference = C1FFC835291F72CF0002B497 /* CryptoViper.app */;
			productType = "com.apple.product-type.application";
		};
/* End PBXNativeTarget section */

/* Begin PBXProject section */
		C1FFC82D291F72CF0002B497 /* Project object */ = {
			isa = PBXProject;
			attributes = {
				BuildIndependentTargetsInParallel = 1;
				LastSwiftUpdateCheck = 1410;
				LastUpgradeCheck = 1410;
				TargetAttributes = {
					C1FFC834291F72CF0002B497 = {
						CreatedOnToolsVersion = 14.1;
					};
				};
			};
			buildConfigurationList = C1FFC830291F72CF0002B497 /* Build configuration list for PBXProject "CryptoViper" */;
			compatibilityVersion = "Xcode 14.0";
			developmentRegion = en;
			hasScannedForEncodings = 0;
			knownRegions = (
				en,
				Base,
			);
			mainGroup = C1FFC82C291F72CF0002B497;
			productRefGroup = C1FFC836291F72CF0002B497 /* Products */;
			projectDirPath = "";
			projectRoot = "";
			targets = (
				C1FFC834291F72CF0002B497 /* CryptoViper */,
			);
		};
/* End PBXProject section */

/* Begin PBXResourcesBuildPhase section */
		C1FFC833291F72CF0002B497 /* Resources */ = {
			isa = PBXResourcesBuildPhase;
			buildActionMask = 2147483647;
			files = (
				C1FFC845291F72D00002B497 /* LaunchScreen.storyboard in Resources */,
				C1FFC842291F72D00002B497 /* Assets.xcassets in Resources */,
			);
			runOnlyForDeploymentPostprocessing = 0;
		};
/* End PBXResourcesBuildPhase section */

/* Begin PBXSourcesBuildPhase section */
		C1FFC831291F72CF0002B497 /* Sources */ = {
			isa = PBXSourcesBuildPhase;
			buildActionMask = 2147483647;
			files = (
				C1FFC839291F72CF0002B497 /* AppDelegate.swift in Sources */,
				C1FFC864291F92A10002B497 /* DetailRouter.swift in Sources */,
				C1FFC854291F74800002B497 /* Entity.swift in Sources */,
				C1FFC860291F92700002B497 /* DetailPresenter.swift in Sources */,
				C1FFC856291F74890002B497 /* Router.swift in Sources */,
				C1FFC850291F745E0002B497 /* Interactor.swift in Sources */,
				C1FFC84E291F743B0002B497 /* View.swift in Sources */,
				C1FFC852291F746F0002B497 /* Presenter.swift in Sources */,
				C1FFC85C291F8FB70002B497 /* DetailViewController.swift in Sources */,
				C1FFC85E291F925F0002B497 /* DetailInteractor.swift in Sources */,
				C1FFC862291F928B0002B497 /* DetailEntity.swift in Sources */,
			);
			runOnlyForDeploymentPostprocessing = 0;
		};
/* End PBXSourcesBuildPhase section */

/* Begin PBXVariantGroup section */
		C1FFC843291F72D00002B497 /* LaunchScreen.storyboard */ = {
			isa = PBXVariantGroup;
			children = (
				C1FFC844291F72D00002B497 /* Base */,
			);
			name = LaunchScreen.storyboard;
			sourceTree = "<group>";
		};
/* End PBXVariantGroup section */

/* Begin XCBuildConfiguration section */
		C1FFC847291F72D00002B497 /* Debug */ = {
			isa = XCBuildConfiguration;
			buildSettings = {
				ALWAYS_SEARCH_USER_PATHS = NO;
				CLANG_ANALYZER_NONNULL = YES;
				CLANG_ANALYZER_NUMBER_OBJECT_CONVERSION = YES_AGGRESSIVE;
				CLANG_CXX_LANGUAGE_STANDARD = "gnu++20";
				CLANG_ENABLE_MODULES = YES;
				CLANG_ENABLE_OBJC_ARC = YES;
				CLANG_ENABLE_OBJC_WEAK = YES;
				CLANG_WARN_BLOCK_CAPTURE_AUTORELEASING = YES;
				CLANG_WARN_BOOL_CONVERSION = YES;
				CLANG_WARN_COMMA = YES;
				CLANG_WARN_CONSTANT_CONVERSION = YES;
				CLANG_WARN_DEPRECATED_OBJC_IMPLEMENTATIONS = YES;
				CLANG_WARN_DIRECT_OBJC_ISA_USAGE = YES_ERROR;
				CLANG_WARN_DOCUMENTATION_COMMENTS = YES;
				CLANG_WARN_EMPTY_BODY = YES;
				CLANG_WARN_ENUM_CONVERSION = YES;
				CLANG_WARN_INFINITE_RECURSION = YES;
				CLANG_WARN_INT_CONVERSION = YES;
				CLANG_WARN_NON_LITERAL_NULL_CONVERSION = YES;
				CLANG_WARN_OBJC_IMPLICIT_RETAIN_SELF = YES;
				CLANG_WARN_OBJC_LITERAL_CONVERSION = YES;
				CLANG_WARN_OBJC_ROOT_CLASS = YES_ERROR;
				CLANG_WARN_QUOTED_INCLUDE_IN_FRAMEWORK_HEADER = YES;
				CLANG_WARN_RANGE_LOOP_ANALYSIS = YES;
				CLANG_WARN_STRICT_PROTOTYPES = YES;
				CLANG_WARN_SUSPICIOUS_MOVE = YES;
				CLANG_WARN_UNGUARDED_AVAILABILITY = YES_AGGRESSIVE;
				CLANG_WARN_UNREACHABLE_CODE = YES;
				CLANG_WARN__DUPLICATE_METHOD_MATCH = YES;
				COPY_PHASE_STRIP = NO;
				DEBUG_INFORMATION_FORMAT = dwarf;
				ENABLE_STRICT_OBJC_MSGSEND = YES;
				ENABLE_TESTABILITY = YES;
				GCC_C_LANGUAGE_STANDARD = gnu11;
				GCC_DYNAMIC_NO_PIC = NO;
				GCC_NO_COMMON_BLOCKS = YES;
				GCC_OPTIMIZATION_LEVEL = 0;
				GCC_PREPROCESSOR_DEFINITIONS = (
					"DEBUG=1",
					"$(inherited)",
				);
				GCC_WARN_64_TO_32_BIT_CONVERSION = YES;
				GCC_WARN_ABOUT_RETURN_TYPE = YES_ERROR;
				GCC_WARN_UNDECLARED_SELECTOR = YES;
				GCC_WARN_UNINITIALIZED_AUTOS = YES_AGGRESSIVE;
				GCC_WARN_UNUSED_FUNCTION = YES;
				GCC_WARN_UNUSED_VARIABLE = YES;
				IPHONEOS_DEPLOYMENT_TARGET = 16.1;
				MTL_ENABLE_DEBUG_INFO = INCLUDE_SOURCE;
				MTL_FAST_MATH = YES;
				ONLY_ACTIVE_ARCH = YES;
				SDKROOT = iphoneos;
				SWIFT_ACTIVE_COMPILATION_CONDITIONS = DEBUG;
				SWIFT_OPTIMIZATION_LEVEL = "-Onone";
			};
			name = Debug;
		};
		C1FFC848291F72D00002B497 /* Release */ = {
			isa = XCBuildConfiguration;
			buildSettings = {
				ALWAYS_SEARCH_USER_PATHS = NO;
				CLANG_ANALYZER_NONNULL = YES;
				CLANG_ANALYZER_NUMBER_OBJECT_CONVERSION = YES_AGGRESSIVE;
				CLANG_CXX_LANGUAGE_STANDARD = "gnu++20";
				CLANG_ENABLE_MODULES = YES;
				CLANG_ENABLE_OBJC_ARC = YES;
				CLANG_ENABLE_OBJC_WEAK = YES;
				CLANG_WARN_BLOCK_CAPTURE_AUTORELEASING = YES;
				CLANG_WARN_BOOL_CONVERSION = YES;
				CLANG_WARN_COMMA = YES;
				CLANG_WARN_CONSTANT_CONVERSION = YES;
				CLANG_WARN_DEPRECATED_OBJC_IMPLEMENTATIONS = YES;
				CLANG_WARN_DIRECT_OBJC_ISA_USAGE = YES_ERROR;
				CLANG_WARN_DOCUMENTATION_COMMENTS = YES;
				CLANG_WARN_EMPTY_BODY = YES;
				CLANG_WARN_ENUM_CONVERSION = YES;
				CLANG_WARN_INFINITE_RECURSION = YES;
				CLANG_WARN_INT_CONVERSION = YES;
				CLANG_WARN_NON_LITERAL_NULL_CONVERSION = YES;
				CLANG_WARN_OBJC_IMPLICIT_RETAIN_SELF = YES;
				CLANG_WARN_OBJC_LITERAL_CONVERSION = YES;
				CLANG_WARN_OBJC_ROOT_CLASS = YES_ERROR;
				CLANG_WARN_QUOTED_INCLUDE_IN_FRAMEWORK_HEADER = YES;
				CLANG_WARN_RANGE_LOOP_ANALYSIS = YES;
				CLANG_WARN_STRICT_PROTOTYPES = YES;
				CLANG_WARN_SUSPICIOUS_MOVE = YES;
				CLANG_WARN_UNGUARDED_AVAILABILITY = YES_AGGRESSIVE;
				CLANG_WARN_UNREACHABLE_CODE = YES;
				CLANG_WARN__DUPLICATE_METHOD_MATCH = YES;
				COPY_PHASE_STRIP = NO;
				DEBUG_INFORMATION_FORMAT = "dwarf-with-dsym";
				ENABLE_NS_ASSERTIONS = NO;
				ENABLE_STRICT_OBJC_MSGSEND = YES;
				GCC_C_LANGUAGE_STANDARD = gnu11;
				GCC_NO_COMMON_BLOCKS = YES;
				GCC_WARN_64_TO_32_BIT_CONVERSION = YES;
				GCC_WARN_ABOUT_RETURN_TYPE = YES_ERROR;
				GCC_WARN_UNDECLARED_SELECTOR = YES;
				GCC_WARN_UNINITIALIZED_AUTOS = YES_AGGRESSIVE;
				GCC_WARN_UNUSED_FUNCTION = YES;
				GCC_WARN_UNUSED_VARIABLE = YES;
				IPHONEOS_DEPLOYMENT_TARGET = 16.1;
				MTL_ENABLE_DEBUG_INFO = NO;
				MTL_FAST_MATH = YES;
				SDKROOT = iphoneos;
				SWIFT_COMPILATION_MODE = wholemodule;
				SWIFT_OPTIMIZATION_LEVEL = "-O";
				VALIDATE_PRODUCT = YES;
			};
			name = Release;
		};
		C1FFC84A291F72D00002B497 /* Debug */ = {
			isa = XCBuildConfiguration;
			buildSettings = {
				ASSETCATALOG_COMPILER_APPICON_NAME = AppIcon;
				ASSETCATALOG_COMPILER_GLOBAL_ACCENT_COLOR_NAME = AccentColor;
				CODE_SIGN_STYLE = Automatic;
				CURRENT_PROJECT_VERSION = 1;
				DEVELOPMENT_TEAM = 4836KR52L9;
				GENERATE_INFOPLIST_FILE = YES;
				INFOPLIST_FILE = CryptoViper/Info.plist;
				INFOPLIST_KEY_UIApplicationSupportsIndirectInputEvents = YES;
				INFOPLIST_KEY_UILaunchStoryboardName = LaunchScreen;
				INFOPLIST_KEY_UISupportedInterfaceOrientations_iPad = "UIInterfaceOrientationPortrait UIInterfaceOrientationPortraitUpsideDown UIInterfaceOrientationLandscapeLeft UIInterfaceOrientationLandscapeRight";
				INFOPLIST_KEY_UISupportedInterfaceOrientations_iPhone = "UIInterfaceOrientationPortrait UIInterfaceOrientationLandscapeLeft UIInterfaceOrientationLandscapeRight";
				LD_RUNPATH_SEARCH_PATHS = (
					"$(inherited)",
					"@executable_path/Frameworks",
				);
				MARKETING_VERSION = 1.0;
				PRODUCT_BUNDLE_IDENTIFIER = com.pucknavin.CryptoViper;
				PRODUCT_NAME = "$(TARGET_NAME)";
				SWIFT_EMIT_LOC_STRINGS = YES;
				SWIFT_VERSION = 5.0;
				TARGETED_DEVICE_FAMILY = "1,2";
			};
			name = Debug;
		};
		C1FFC84B291F72D00002B497 /* Release */ = {
			isa = XCBuildConfiguration;
			buildSettings = {
				ASSETCATALOG_COMPILER_APPICON_NAME = AppIcon;
				ASSETCATALOG_COMPILER_GLOBAL_ACCENT_COLOR_NAME = AccentColor;
				CODE_SIGN_STYLE = Automatic;
				CURRENT_PROJECT_VERSION = 1;
				DEVELOPMENT_TEAM = 4836KR52L9;
				GENERATE_INFOPLIST_FILE = YES;
				INFOPLIST_FILE = CryptoViper/Info.plist;
				INFOPLIST_KEY_UIApplicationSupportsIndirectInputEvents = YES;
				INFOPLIST_KEY_UILaunchStoryboardName = LaunchScreen;
				INFOPLIST_KEY_UISupportedInterfaceOrientations_iPad = "UIInterfaceOrientationPortrait UIInterfaceOrientationPortraitUpsideDown UIInterfaceOrientationLandscapeLeft UIInterfaceOrientationLandscapeRight";
				INFOPLIST_KEY_UISupportedInterfaceOrientations_iPhone = "UIInterfaceOrientationPortrait UIInterfaceOrientationLandscapeLeft UIInterfaceOrientationLandscapeRight";
				LD_RUNPATH_SEARCH_PATHS = (
					"$(inherited)",
					"@executable_path/Frameworks",
				);
				MARKETING_VERSION = 1.0;
				PRODUCT_BUNDLE_IDENTIFIER = com.pucknavin.CryptoViper;
				PRODUCT_NAME = "$(TARGET_NAME)";
				SWIFT_EMIT_LOC_STRINGS = YES;
				SWIFT_VERSION = 5.0;
				TARGETED_DEVICE_FAMILY = "1,2";
			};
			name = Release;
		};
/* End XCBuildConfiguration section */

/* Begin XCConfigurationList section */
		C1FFC830291F72CF0002B497 /* Build configuration list for PBXProject "CryptoViper" */ = {
			isa = XCConfigurationList;
			buildConfigurations = (
				C1FFC847291F72D00002B497 /* Debug */,
				C1FFC848291F72D00002B497 /* Release */,
			);
			defaultConfigurationIsVisible = 0;
			defaultConfigurationName = Release;
		};
		C1FFC849291F72D00002B497 /* Build configuration list for PBXNativeTarget "CryptoViper" */ = {
			isa = XCConfigurationList;
			buildConfigurations = (
				C1FFC84A291F72D00002B497 /* Debug */,
				C1FFC84B291F72D00002B497 /* Release */,
			);
			defaultConfigurationIsVisible = 0;
			defaultConfigurationName = Release;
		};
/* End XCConfigurationList section */
	};
	rootObject = C1FFC82D291F72CF0002B497 /* Project object */;
}
